
Microsoft Visual Studio Solution File, Format Version 12.00
# Visual Studio Version 17
VisualStudioVersion = 17.3.32929.385
MinimumVisualStudioVersion = 10.0.40219.1
Project("{FAE04EC0-301F-11D3-BF4B-00C04F79EFBC}") = "Q1將abc左右的空白刪除", "Q1將abc左右的空白刪除\Q1將abc左右的空白刪除.csproj", "{A951FD5D-3A4C-47E2-B283-78413EA3A4A7}"
EndProject
Project("{FAE04EC0-301F-11D3-BF4B-00C04F79EFBC}") = "Q2將字串 Allen Kuo 轉成大寫 ALLEN KUO", "Q2將字串 Allen Kuo 轉成大寫 ALLEN KUO\Q2將字串 Allen Kuo 轉成大寫 ALLEN KUO.csproj", "{8942BFDB-F36C-4B71-9A8C-2BD2D7BB109D}"
EndProject
Project("{FAE04EC0-301F-11D3-BF4B-00C04F79EFBC}") = "Q3將字串 aLLeN kUO 轉換成 Allen Kuo", "Q3將字串 aLLeN kUO 轉換成 Allen Kuo\Q3將字串 aLLeN kUO 轉換成 Allen Kuo.csproj", "{A07AA185-7952-4C94-8D8A-F001F88E9B20}"
EndProject
Project("{FAE04EC0-301F-11D3-BF4B-00C04F79EFBC}") = "Q4假設有表示日期的字串1100225, 請將它轉成表示西元年的日期20210225", "Q4假設有表示日期的字串1100225, 請將它轉成表示西元年的日期20210225\Q4假設有表示日期的字串1100225, 請將它轉成表示西元年的日期20210225.csproj", "{07E8B1C8-870D-4FAC-9B05-45D5C534C201}"
EndProject
Project("{FAE04EC0-301F-11D3-BF4B-00C04F79EFBC}") = "Q5比對使用者輸入值是否為Allen不拘大小寫", "Q5比對使用者輸入值是否為Allen不拘大小寫\Q5比對使用者輸入值是否為Allen不拘大小寫.csproj", "{FFF3F3F2-63AB-40BA-8406-D98C31B3F2AC}"
EndProject
Project("{FAE04EC0-301F-11D3-BF4B-00C04F79EFBC}") = "Q6比對使用者輸入值是否為 Allen, 區分大小寫", "Q6比對使用者輸入值是否為 Allen, 區分大小寫\Q6比對使用者輸入值是否為 Allen, 區分大小寫.csproj", "{9BD32ED9-D6D7-4B6A-A91F-AC58B1C76C48}"
EndProject
Project("{FAE04EC0-301F-11D3-BF4B-00C04F79EFBC}") = "Q8隱藏手機的資訊", "Q7隱藏手機的資訊\Q8隱藏手機的資訊.csproj", "{A513FF05-7271-4FA9-84D9-84A19857FD0F}"
EndProject
Project("{FAE04EC0-301F-11D3-BF4B-00C04F79EFBC}") = "Q7計算兩數之和,並只呈現小數二位數", "Q7計算兩數之和,並只呈現小數二位數\Q7計算兩數之和,並只呈現小數二位數.csproj", "{8EF839EB-B3C4-4C8C-B9F6-8ED696FE785C}"
EndProject
Global
	GlobalSection(SolutionConfigurationPlatforms) = preSolution
		Debug|Any CPU = Debug|Any CPU
		Release|Any CPU = Release|Any CPU
	EndGlobalSection
	GlobalSection(ProjectConfigurationPlatforms) = postSolution
		{A951FD5D-3A4C-47E2-B283-78413EA3A4A7}.Debug|Any CPU.ActiveCfg = Debug|Any CPU
		{A951FD5D-3A4C-47E2-B283-78413EA3A4A7}.Debug|Any CPU.Build.0 = Debug|Any CPU
		{A951FD5D-3A4C-47E2-B283-78413EA3A4A7}.Release|Any CPU.ActiveCfg = Release|Any CPU
		{A951FD5D-3A4C-47E2-B283-78413EA3A4A7}.Release|Any CPU.Build.0 = Release|Any CPU
		{8942BFDB-F36C-4B71-9A8C-2BD2D7BB109D}.Debug|Any CPU.ActiveCfg = Debug|Any CPU
		{8942BFDB-F36C-4B71-9A8C-2BD2D7BB109D}.Debug|Any CPU.Build.0 = Debug|Any CPU
		{8942BFDB-F36C-4B71-9A8C-2BD2D7BB109D}.Release|Any CPU.ActiveCfg = Release|Any CPU
		{8942BFDB-F36C-4B71-9A8C-2BD2D7BB109D}.Release|Any CPU.Build.0 = Release|Any CPU
		{A07AA185-7952-4C94-8D8A-F001F88E9B20}.Debug|Any CPU.ActiveCfg = Debug|Any CPU
		{A07AA185-7952-4C94-8D8A-F001F88E9B20}.Debug|Any CPU.Build.0 = Debug|Any CPU
		{A07AA185-7952-4C94-8D8A-F001F88E9B20}.Release|Any CPU.ActiveCfg = Release|Any CPU
		{A07AA185-7952-4C94-8D8A-F001F88E9B20}.Release|Any CPU.Build.0 = Release|Any CPU
		{07E8B1C8-870D-4FAC-9B05-45D5C534C201}.Debug|Any CPU.ActiveCfg = Debug|Any CPU
		{07E8B1C8-870D-4FAC-9B05-45D5C534C201}.Debug|Any CPU.Build.0 = Debug|Any CPU
		{07E8B1C8-870D-4FAC-9B05-45D5C534C201}.Release|Any CPU.ActiveCfg = Release|Any CPU
		{07E8B1C8-870D-4FAC-9B05-45D5C534C201}.Release|Any CPU.Build.0 = Release|Any CPU
		{FFF3F3F2-63AB-40BA-8406-D98C31B3F2AC}.Debug|Any CPU.ActiveCfg = Debug|Any CPU
		{FFF3F3F2-63AB-40BA-8406-D98C31B3F2AC}.Debug|Any CPU.Build.0 = Debug|Any CPU
		{FFF3F3F2-63AB-40BA-8406-D98C31B3F2AC}.Release|Any CPU.ActiveCfg = Release|Any CPU
		{FFF3F3F2-63AB-40BA-8406-D98C31B3F2AC}.Release|Any CPU.Build.0 = Release|Any CPU
		{9BD32ED9-D6D7-4B6A-A91F-AC58B1C76C48}.Debug|Any CPU.ActiveCfg = Debug|Any CPU
		{9BD32ED9-D6D7-4B6A-A91F-AC58B1C76C48}.Debug|Any CPU.Build.0 = Debug|Any CPU
		{9BD32ED9-D6D7-4B6A-A91F-AC58B1C76C48}.Release|Any CPU.ActiveCfg = Release|Any CPU
		{9BD32ED9-D6D7-4B6A-A91F-AC58B1C76C48}.Release|Any CPU.Build.0 = Release|Any CPU
		{A513FF05-7271-4FA9-84D9-84A19857FD0F}.Debug|Any CPU.ActiveCfg = Debug|Any CPU
		{A513FF05-7271-4FA9-84D9-84A19857FD0F}.Debug|Any CPU.Build.0 = Debug|Any CPU
		{A513FF05-7271-4FA9-84D9-84A19857FD0F}.Release|Any CPU.ActiveCfg = Release|Any CPU
		{A513FF05-7271-4FA9-84D9-84A19857FD0F}.Release|Any CPU.Build.0 = Release|Any CPU
		{8EF839EB-B3C4-4C8C-B9F6-8ED696FE785C}.Debug|Any CPU.ActiveCfg = Debug|Any CPU
		{8EF839EB-B3C4-4C8C-B9F6-8ED696FE785C}.Debug|Any CPU.Build.0 = Debug|Any CPU
		{8EF839EB-B3C4-4C8C-B9F6-8ED696FE785C}.Release|Any CPU.ActiveCfg = Release|Any CPU
		{8EF839EB-B3C4-4C8C-B9F6-8ED696FE785C}.Release|Any CPU.Build.0 = Release|Any CPU
	EndGlobalSection
	GlobalSection(SolutionProperties) = preSolution
		HideSolutionNode = FALSE
	EndGlobalSection
	GlobalSection(ExtensibilityGlobals) = postSolution
		SolutionGuid = {35B404BD-81C8-42A4-BF47-C82B8C923090}
	EndGlobalSection
EndGlobal
